
Microsoft Visual Studio Solution File, Format Version 12.00
# Visual Studio 14
VisualStudioVersion = 14.0.25420.1
MinimumVisualStudioVersion = 10.0.40219.1
Project("{2150E333-8FDC-42A3-9474-1A3956D46DE8}") = "BLL", "BLL", "{60AF43CA-12D0-42C5-A42C-6D023A9C3AA4}"
EndProject
Project("{2150E333-8FDC-42A3-9474-1A3956D46DE8}") = "DAL", "DAL", "{4A9772EA-4AC6-4497-B7A3-A15374968751}"
EndProject
Project("{2150E333-8FDC-42A3-9474-1A3956D46DE8}") = "Model", "Model", "{26D2EEF3-F565-47E5-9E15-DBAC171090FF}"
EndProject
Project("{2150E333-8FDC-42A3-9474-1A3956D46DE8}") = "UI", "UI", "{6C5920AC-4491-4F00-8368-55534913B629}"
EndProject
Project("{FAE04EC0-301F-11D3-BF4B-00C04F79EFBC}") = "YueYou.Model", "YueYou.Model\YueYou.Model.csproj", "{8FD6F9C3-9D10-4FA7-92FA-4E4940B2627B}"
EndProject
Project("{FAE04EC0-301F-11D3-BF4B-00C04F79EFBC}") = "DAL", "DAL\DAL.csproj", "{DA108D83-E514-4130-8E8C-8C8FCBE14318}"
EndProject
Project("{FAE04EC0-301F-11D3-BF4B-00C04F79EFBC}") = "DALContainer", "DALContainer\DALContainer.csproj", "{C44E0D0D-6256-414E-A0A2-8CD491CC3A53}"
EndProject
Project("{FAE04EC0-301F-11D3-BF4B-00C04F79EFBC}") = "IDAL", "IDAL\IDAL.csproj", "{ACCF3808-F08F-4F73-A50F-712CCDE2D8B3}"
EndProject
Project("{FAE04EC0-301F-11D3-BF4B-00C04F79EFBC}") = "BLL", "BLL\BLL.csproj", "{12DC2E9B-0E84-43CA-9809-10F317FA2131}"
EndProject
Project("{FAE04EC0-301F-11D3-BF4B-00C04F79EFBC}") = "BLLContainer", "BLLContainer\BLLContainer.csproj", "{F540FA0F-5313-4F96-9F34-9B46E47B5204}"
EndProject
Project("{FAE04EC0-301F-11D3-BF4B-00C04F79EFBC}") = "IBLL", "IBLL\IBLL.csproj", "{C3F9D343-198A-4C71-A29B-6B89C6314FC6}"
EndProject
Project("{FAE04EC0-301F-11D3-BF4B-00C04F79EFBC}") = "YueYou.UI", "YueYou.UI\YueYou.UI.csproj", "{E47A1F2F-6337-4194-9159-82EADFBDA390}"
EndProject
Global
	GlobalSection(SolutionConfigurationPlatforms) = preSolution
		Debug|Any CPU = Debug|Any CPU
		Release|Any CPU = Release|Any CPU
	EndGlobalSection
	GlobalSection(ProjectConfigurationPlatforms) = postSolution
		{8FD6F9C3-9D10-4FA7-92FA-4E4940B2627B}.Debug|Any CPU.ActiveCfg = Debug|Any CPU
		{8FD6F9C3-9D10-4FA7-92FA-4E4940B2627B}.Debug|Any CPU.Build.0 = Debug|Any CPU
		{8FD6F9C3-9D10-4FA7-92FA-4E4940B2627B}.Release|Any CPU.ActiveCfg = Release|Any CPU
		{8FD6F9C3-9D10-4FA7-92FA-4E4940B2627B}.Release|Any CPU.Build.0 = Release|Any CPU
		{DA108D83-E514-4130-8E8C-8C8FCBE14318}.Debug|Any CPU.ActiveCfg = Debug|Any CPU
		{DA108D83-E514-4130-8E8C-8C8FCBE14318}.Debug|Any CPU.Build.0 = Debug|Any CPU
		{DA108D83-E514-4130-8E8C-8C8FCBE14318}.Release|Any CPU.ActiveCfg = Release|Any CPU
		{DA108D83-E514-4130-8E8C-8C8FCBE14318}.Release|Any CPU.Build.0 = Release|Any CPU
		{C44E0D0D-6256-414E-A0A2-8CD491CC3A53}.Debug|Any CPU.ActiveCfg = Debug|Any CPU
		{C44E0D0D-6256-414E-A0A2-8CD491CC3A53}.Debug|Any CPU.Build.0 = Debug|Any CPU
		{C44E0D0D-6256-414E-A0A2-8CD491CC3A53}.Release|Any CPU.ActiveCfg = Release|Any CPU
		{C44E0D0D-6256-414E-A0A2-8CD491CC3A53}.Release|Any CPU.Build.0 = Release|Any CPU
		{ACCF3808-F08F-4F73-A50F-712CCDE2D8B3}.Debug|Any CPU.ActiveCfg = Debug|Any CPU
		{ACCF3808-F08F-4F73-A50F-712CCDE2D8B3}.Debug|Any CPU.Build.0 = Debug|Any CPU
		{ACCF3808-F08F-4F73-A50F-712CCDE2D8B3}.Release|Any CPU.ActiveCfg = Release|Any CPU
		{ACCF3808-F08F-4F73-A50F-712CCDE2D8B3}.Release|Any CPU.Build.0 = Release|Any CPU
		{12DC2E9B-0E84-43CA-9809-10F317FA2131}.Debug|Any CPU.ActiveCfg = Debug|Any CPU
		{12DC2E9B-0E84-43CA-9809-10F317FA2131}.Debug|Any CPU.Build.0 = Debug|Any CPU
		{12DC2E9B-0E84-43CA-9809-10F317FA2131}.Release|Any CPU.ActiveCfg = Release|Any CPU
		{12DC2E9B-0E84-43CA-9809-10F317FA2131}.Release|Any CPU.Build.0 = Release|Any CPU
		{F540FA0F-5313-4F96-9F34-9B46E47B5204}.Debug|Any CPU.ActiveCfg = Debug|Any CPU
		{F540FA0F-5313-4F96-9F34-9B46E47B5204}.Debug|Any CPU.Build.0 = Debug|Any CPU
		{F540FA0F-5313-4F96-9F34-9B46E47B5204}.Release|Any CPU.ActiveCfg = Release|Any CPU
		{F540FA0F-5313-4F96-9F34-9B46E47B5204}.Release|Any CPU.Build.0 = Release|Any CPU
		{C3F9D343-198A-4C71-A29B-6B89C6314FC6}.Debug|Any CPU.ActiveCfg = Debug|Any CPU
		{C3F9D343-198A-4C71-A29B-6B89C6314FC6}.Debug|Any CPU.Build.0 = Debug|Any CPU
		{C3F9D343-198A-4C71-A29B-6B89C6314FC6}.Release|Any CPU.ActiveCfg = Release|Any CPU
		{C3F9D343-198A-4C71-A29B-6B89C6314FC6}.Release|Any CPU.Build.0 = Release|Any CPU
		{E47A1F2F-6337-4194-9159-82EADFBDA390}.Debug|Any CPU.ActiveCfg = Debug|Any CPU
		{E47A1F2F-6337-4194-9159-82EADFBDA390}.Debug|Any CPU.Build.0 = Debug|Any CPU
		{E47A1F2F-6337-4194-9159-82EADFBDA390}.Release|Any CPU.ActiveCfg = Release|Any CPU
		{E47A1F2F-6337-4194-9159-82EADFBDA390}.Release|Any CPU.Build.0 = Release|Any CPU
	EndGlobalSection
	GlobalSection(SolutionProperties) = preSolution
		HideSolutionNode = FALSE
	EndGlobalSection
	GlobalSection(NestedProjects) = preSolution
		{8FD6F9C3-9D10-4FA7-92FA-4E4940B2627B} = {26D2EEF3-F565-47E5-9E15-DBAC171090FF}
		{DA108D83-E514-4130-8E8C-8C8FCBE14318} = {4A9772EA-4AC6-4497-B7A3-A15374968751}
		{C44E0D0D-6256-414E-A0A2-8CD491CC3A53} = {4A9772EA-4AC6-4497-B7A3-A15374968751}
		{ACCF3808-F08F-4F73-A50F-712CCDE2D8B3} = {4A9772EA-4AC6-4497-B7A3-A15374968751}
		{12DC2E9B-0E84-43CA-9809-10F317FA2131} = {60AF43CA-12D0-42C5-A42C-6D023A9C3AA4}
		{F540FA0F-5313-4F96-9F34-9B46E47B5204} = {60AF43CA-12D0-42C5-A42C-6D023A9C3AA4}
		{C3F9D343-198A-4C71-A29B-6B89C6314FC6} = {60AF43CA-12D0-42C5-A42C-6D023A9C3AA4}
		{E47A1F2F-6337-4194-9159-82EADFBDA390} = {6C5920AC-4491-4F00-8368-55534913B629}
	EndGlobalSection
EndGlobal
